{
  "name": "npm_learning_tipranks-api-v2",
  "version": "1.0.0",
  "lockfileVersion": 1,
  "requires": true,
  "dependencies": {
    "moment": {
      "version": "2.24.0",
      "resolved": "https://registry.npmjs.org/moment/-/moment-2.24.0.tgz",
      "integrity": "sha512-bV7f+6l2QigeBBZSM/6yTNq4P2fNpSWj/0e7jQcy87A8e7o2nAfP/34/2ky5Vw4B9S446EtIhodAzkFCcR4dQg=="
    },
    "tipranks-api-v2": {
      "version": "1.0.5",
      "resolved": "https://registry.npmjs.org/tipranks-api-v2/-/tipranks-api-v2-1.0.5.tgz",
      "integrity": "sha512-ylDtmdLo40MB0vKKGp25vVJ6ezZVp5iv04+275ZAZniuKy7hskLy4Tpmdy9H4QgeahcgEtb2NUG21ox0XRatnA==",
      "requires": {
        "moment": "^2.22.2"
      }
    }
  }
}
